
Microsoft Visual Studio Solution File, Format Version 12.00
# Visual Studio Version 17
VisualStudioVersion = 17.11.35327.3
MinimumVisualStudioVersion = 10.0.40219.1
Project("{FAE04EC0-301F-11D3-BF4B-00C04F79EFBC}") = "ConsoleApp13-4", "ConsoleApp13-4.csproj", "{279B7410-31E3-415E-9A4E-02CBBF0BCD4A}"
EndProject
Global
	GlobalSection(SolutionConfigurationPlatforms) = preSolution
		Debug|Any CPU = Debug|Any CPU
		Release|Any CPU = Release|Any CPU
	EndGlobalSection
	GlobalSection(ProjectConfigurationPlatforms) = postSolution
		{279B7410-31E3-415E-9A4E-02CBBF0BCD4A}.Debug|Any CPU.ActiveCfg = Debug|Any CPU
		{279B7410-31E3-415E-9A4E-02CBBF0BCD4A}.Debug|Any CPU.Build.0 = Debug|Any CPU
		{279B7410-31E3-415E-9A4E-02CBBF0BCD4A}.Release|Any CPU.ActiveCfg = Release|Any CPU
		{279B7410-31E3-415E-9A4E-02CBBF0BCD4A}.Release|Any CPU.Build.0 = Release|Any CPU
	EndGlobalSection
	GlobalSection(SolutionProperties) = preSolution
		HideSolutionNode = FALSE
	EndGlobalSection
	GlobalSection(ExtensibilityGlobals) = postSolution
		SolutionGuid = {387B7E89-E9C6-4499-B1D9-AA295AC9D646}
	EndGlobalSection
EndGlobal
